// !$*UTF8*$!
{
	archiveVersion = 1;
	classes = {
	};
	objectVersion = 56;
	objects = {

/* Begin PBXBuildFile section */
		39232AE62B207C1800F91174 /* MantieApp.swift in Sources */ = {isa = PBXBuildFile; fileRef = 39232AE52B207C1800F91174 /* MantieApp.swift */; };
		39232AE82B207C1800F91174 /* ContentView.swift in Sources */ = {isa = PBXBuildFile; fileRef = 39232AE72B207C1800F91174 /* ContentView.swift */; };
		39232AEA2B207C1900F91174 /* Assets.xcassets in Resources */ = {isa = PBXBuildFile; fileRef = 39232AE92B207C1900F91174 /* Assets.xcassets */; };
		39232AED2B207C1900F91174 /* Preview Assets.xcassets in Resources */ = {isa = PBXBuildFile; fileRef = 39232AEC2B207C1900F91174 /* Preview Assets.xcassets */; };
		39232AF72B207C1900F91174 /* MantieTests.swift in Sources */ = {isa = PBXBuildFile; fileRef = 39232AF62B207C1900F91174 /* MantieTests.swift */; };
		39232B012B207C1900F91174 /* MantieUITests.swift in Sources */ = {isa = PBXBuildFile; fileRef = 39232B002B207C1900F91174 /* MantieUITests.swift */; };
		39232B032B207C1900F91174 /* MantieUITestsLaunchTests.swift in Sources */ = {isa = PBXBuildFile; fileRef = 39232B022B207C1900F91174 /* MantieUITestsLaunchTests.swift */; };
/* End PBXBuildFile section */

/* Begin PBXContainerItemProxy section */
		39232AF32B207C1900F91174 /* PBXContainerItemProxy */ = {
			isa = PBXContainerItemProxy;
			containerPortal = 39232ADA2B207C1800F91174 /* Project object */;
			proxyType = 1;
			remoteGlobalIDString = 39232AE12B207C1800F91174;
			remoteInfo = Mantie;
		};
		39232AFD2B207C1900F91174 /* PBXContainerItemProxy */ = {
			isa = PBXContainerItemProxy;
			containerPortal = 39232ADA2B207C1800F91174 /* Project object */;
			proxyType = 1;
			remoteGlobalIDString = 39232AE12B207C1800F91174;
			remoteInfo = Mantie;
		};
/* End PBXContainerItemProxy section */

/* Begin PBXFileReference section */
		39232AE22B207C1800F91174 /* Mantie.app */ = {isa = PBXFileReference; explicitFileType = wrapper.application; includeInIndex = 0; path = Mantie.app; sourceTree = BUILT_PRODUCTS_DIR; };
		39232AE52B207C1800F91174 /* MantieApp.swift */ = {isa = PBXFileReference; lastKnownFileType = sourcecode.swift; path = MantieApp.swift; sourceTree = "<group>"; };
		39232AE72B207C1800F91174 /* ContentView.swift */ = {isa = PBXFileReference; lastKnownFileType = sourcecode.swift; path = ContentView.swift; sourceTree = "<group>"; };
		39232AE92B207C1900F91174 /* Assets.xcassets */ = {isa = PBXFileReference; lastKnownFileType = folder.assetcatalog; path = Assets.xcassets; sourceTree = "<group>"; };
		39232AEC2B207C1900F91174 /* Preview Assets.xcassets */ = {isa = PBXFileReference; lastKnownFileType = folder.assetcatalog; path = "Preview Assets.xcassets"; sourceTree = "<group>"; };
		39232AF22B207C1900F91174 /* MantieTests.xctest */ = {isa = PBXFileReference; explicitFileType = wrapper.cfbundle; includeInIndex = 0; path = MantieTests.xctest; sourceTree = BUILT_PRODUCTS_DIR; };
		39232AF62B207C1900F91174 /* MantieTests.swift */ = {isa = PBXFileReference; lastKnownFileType = sourcecode.swift; path = MantieTests.swift; sourceTree = "<group>"; };
		39232AFC2B207C1900F91174 /* MantieUITests.xctest */ = {isa = PBXFileReference; explicitFileType = wrapper.cfbundle; includeInIndex = 0; path = MantieUITests.xctest; sourceTree = BUILT_PRODUCTS_DIR; };
		39232B002B207C1900F91174 /* MantieUITests.swift */ = {isa = PBXFileReference; lastKnownFileType = sourcecode.swift; path = MantieUITests.swift; sourceTree = "<group>"; };
		39232B022B207C1900F91174 /* MantieUITestsLaunchTests.swift */ = {isa = PBXFileReference; lastKnownFileType = sourcecode.swift; path = MantieUITestsLaunchTests.swift; sourceTree = "<group>"; };
/* End PBXFileReference section */

/* Begin PBXFrameworksBuildPhase section */
		39232ADF2B207C1800F91174 /* Frameworks */ = {
			isa = PBXFrameworksBuildPhase;
			buildActionMask = 2147483647;
			files = (
			);
			runOnlyForDeploymentPostprocessing = 0;
		};
		39232AEF2B207C1900F91174 /* Frameworks */ = {
			isa = PBXFrameworksBuildPhase;
			buildActionMask = 2147483647;
			files = (
			);
			runOnlyForDeploymentPostprocessing = 0;
		};
		39232AF92B207C1900F91174 /* Frameworks */ = {
			isa = PBXFrameworksBuildPhase;
			buildActionMask = 2147483647;
			files = (
			);
			runOnlyForDeploymentPostprocessing = 0;
		};
/* End PBXFrameworksBuildPhase section */

/* Begin PBXGroup section */
		39232AD92B207C1800F91174 = {
			isa = PBXGroup;
			children = (
				39232AE42B207C1800F91174 /* Mantie */,
				39232AF52B207C1900F91174 /* MantieTests */,
				39232AFF2B207C1900F91174 /* MantieUITests */,
				39232AE32B207C1800F91174 /* Products */,
			);
			sourceTree = "<group>";
		};
		39232AE32B207C1800F91174 /* Products */ = {
			isa = PBXGroup;
			children = (
				39232AE22B207C1800F91174 /* Mantie.app */,
				39232AF22B207C1900F91174 /* MantieTests.xctest */,
				39232AFC2B207C1900F91174 /* MantieUITests.xctest */,
			);
			name = Products;
			sourceTree = "<group>";
		};
		39232AE42B207C1800F91174 /* Mantie */ = {
			isa = PBXGroup;
			children = (
				39232AE52B207C1800F91174 /* MantieApp.swift */,
				39232AE72B207C1800F91174 /* ContentView.swift */,
				39232AE92B207C1900F91174 /* Assets.xcassets */,
				39232AEB2B207C1900F91174 /* Preview Content */,
			);
			path = Mantie;
			sourceTree = "<group>";
		};
		39232AEB2B207C1900F91174 /* Preview Content */ = {
			isa = PBXGroup;
			children = (
				39232AEC2B207C1900F91174 /* Preview Assets.xcassets */,
			);
			path = "Preview Content";
			sourceTree = "<group>";
		};
		39232AF52B207C1900F91174 /* MantieTests */ = {
			isa = PBXGroup;
			children = (
				39232AF62B207C1900F91174 /* MantieTests.swift */,
			);
			path = MantieTests;
			sourceTree = "<group>";
		};
		39232AFF2B207C1900F91174 /* MantieUITests */ = {
			isa = PBXGroup;
			children = (
				39232B002B207C1900F91174 /* MantieUITests.swift */,
				39232B022B207C1900F91174 /* MantieUITestsLaunchTests.swift */,
			);
			path = MantieUITests;
			sourceTree = "<group>";
		};
/* End PBXGroup section */

/* Begin PBXNativeTarget section */
		39232AE12B207C1800F91174 /* Mantie */ = {
			isa = PBXNativeTarget;
			buildConfigurationList = 39232B062B207C1900F91174 /* Build configuration list for PBXNativeTarget "Mantie" */;
			buildPhases = (
				39232ADE2B207C1800F91174 /* Sources */,
				39232ADF2B207C1800F91174 /* Frameworks */,
				39232AE02B207C1800F91174 /* Resources */,
			);
			buildRules = (
			);
			dependencies = (
			);
			name = Mantie;
			productName = Mantie;
			productReference = 39232AE22B207C1800F91174 /* Mantie.app */;
			productType = "com.apple.product-type.application";
		};
		39232AF12B207C1900F91174 /* MantieTests */ = {
			isa = PBXNativeTarget;
			buildConfigurationList = 39232B092B207C1900F91174 /* Build configuration list for PBXNativeTarget "MantieTests" */;
			buildPhases = (
				39232AEE2B207C1900F91174 /* Sources */,
				39232AEF2B207C1900F91174 /* Frameworks */,
				39232AF02B207C1900F91174 /* Resources */,
			);
			buildRules = (
			);
			dependencies = (
				39232AF42B207C1900F91174 /* PBXTargetDependency */,
			);
			name = MantieTests;
			productName = MantieTests;
			productReference = 39232AF22B207C1900F91174 /* MantieTests.xctest */;
			productType = "com.apple.product-type.bundle.unit-test";
		};
		39232AFB2B207C1900F91174 /* MantieUITests */ = {
			isa = PBXNativeTarget;
			buildConfigurationList = 39232B0C2B207C1900F91174 /* Build configuration list for PBXNativeTarget "MantieUITests" */;
			buildPhases = (
				39232AF82B207C1900F91174 /* Sources */,
				39232AF92B207C1900F91174 /* Frameworks */,
				39232AFA2B207C1900F91174 /* Resources */,
			);
			buildRules = (
			);
			dependencies = (
				39232AFE2B207C1900F91174 /* PBXTargetDependency */,
			);
			name = MantieUITests;
			productName = MantieUITests;
			productReference = 39232AFC2B207C1900F91174 /* MantieUITests.xctest */;
			productType = "com.apple.product-type.bundle.ui-testing";
		};
/* End PBXNativeTarget section */

/* Begin PBXProject section */
		39232ADA2B207C1800F91174 /* Project object */ = {
			isa = PBXProject;
			attributes = {
				BuildIndependentTargetsInParallel = 1;
				LastSwiftUpdateCheck = 1500;
				LastUpgradeCheck = 1500;
				TargetAttributes = {
					39232AE12B207C1800F91174 = {
						CreatedOnToolsVersion = 15.0;
					};
					39232AF12B207C1900F91174 = {
						CreatedOnToolsVersion = 15.0;
						TestTargetID = 39232AE12B207C1800F91174;
					};
					39232AFB2B207C1900F91174 = {
						CreatedOnToolsVersion = 15.0;
						TestTargetID = 39232AE12B207C1800F91174;
					};
				};
			};
			buildConfigurationList = 39232ADD2B207C1800F91174 /* Build configuration list for PBXProject "Mantie" */;
			compatibilityVersion = "Xcode 14.0";
			developmentRegion = en;
			hasScannedForEncodings = 0;
			knownRegions = (
				en,
				Base,
			);
			mainGroup = 39232AD92B207C1800F91174;
			productRefGroup = 39232AE32B207C1800F91174 /* Products */;
			projectDirPath = "";
			projectRoot = "";
			targets = (
				39232AE12B207C1800F91174 /* Mantie */,
				39232AF12B207C1900F91174 /* MantieTests */,
				39232AFB2B207C1900F91174 /* MantieUITests */,
			);
		};
/* End PBXProject section */

/* Begin PBXResourcesBuildPhase section */
		39232AE02B207C1800F91174 /* Resources */ = {
			isa = PBXResourcesBuildPhase;
			buildActionMask = 2147483647;
			files = (
				39232AED2B207C1900F91174 /* Preview Assets.xcassets in Resources */,
				39232AEA2B207C1900F91174 /* Assets.xcassets in Resources */,
			);
			runOnlyForDeploymentPostprocessing = 0;
		};
		39232AF02B207C1900F91174 /* Resources */ = {
			isa = PBXResourcesBuildPhase;
			buildActionMask = 2147483647;
			files = (
			);
			runOnlyForDeploymentPostprocessing = 0;
		};
		39232AFA2B207C1900F91174 /* Resources */ = {
			isa = PBXResourcesBuildPhase;
			buildActionMask = 2147483647;
			files = (
			);
			runOnlyForDeploymentPostprocessing = 0;
		};
/* End PBXResourcesBuildPhase section */

/* Begin PBXSourcesBuildPhase section */
		39232ADE2B207C1800F91174 /* Sources */ = {
			isa = PBXSourcesBuildPhase;
			buildActionMask = 2147483647;
			files = (
				39232AE82B207C1800F91174 /* ContentView.swift in Sources */,
				39232AE62B207C1800F91174 /* MantieApp.swift in Sources */,
			);
			runOnlyForDeploymentPostprocessing = 0;
		};
		39232AEE2B207C1900F91174 /* Sources */ = {
			isa = PBXSourcesBuildPhase;
			buildActionMask = 2147483647;
			files = (
				39232AF72B207C1900F91174 /* MantieTests.swift in Sources */,
			);
			runOnlyForDeploymentPostprocessing = 0;
		};
		39232AF82B207C1900F91174 /* Sources */ = {
			isa = PBXSourcesBuildPhase;
			buildActionMask = 2147483647;
			files = (
				39232B032B207C1900F91174 /* MantieUITestsLaunchTests.swift in Sources */,
				39232B012B207C1900F91174 /* MantieUITests.swift in Sources */,
			);
			runOnlyForDeploymentPostprocessing = 0;
		};
/* End PBXSourcesBuildPhase section */

/* Begin PBXTargetDependency section */
		39232AF42B207C1900F91174 /* PBXTargetDependency */ = {
			isa = PBXTargetDependency;
			target = 39232AE12B207C1800F91174 /* Mantie */;
			targetProxy = 39232AF32B207C1900F91174 /* PBXContainerItemProxy */;
		};
		39232AFE2B207C1900F91174 /* PBXTargetDependency */ = {
			isa = PBXTargetDependency;
			target = 39232AE12B207C1800F91174 /* Mantie */;
			targetProxy = 39232AFD2B207C1900F91174 /* PBXContainerItemProxy */;
		};
/* End PBXTargetDependency section */

/* Begin XCBuildConfiguration section */
		39232B042B207C1900F91174 /* Debug */ = {
			isa = XCBuildConfiguration;
			buildSettings = {
				ALWAYS_SEARCH_USER_PATHS = NO;
				ASSETCATALOG_COMPILER_GENERATE_SWIFT_ASSET_SYMBOL_EXTENSIONS = YES;
				CLANG_ANALYZER_NONNULL = YES;
				CLANG_ANALYZER_NUMBER_OBJECT_CONVERSION = YES_AGGRESSIVE;
				CLANG_CXX_LANGUAGE_STANDARD = "gnu++20";
				CLANG_ENABLE_MODULES = YES;
				CLANG_ENABLE_OBJC_ARC = YES;
				CLANG_ENABLE_OBJC_WEAK = YES;
				CLANG_WARN_BLOCK_CAPTURE_AUTORELEASING = YES;
				CLANG_WARN_BOOL_CONVERSION = YES;
				CLANG_WARN_COMMA = YES;
				CLANG_WARN_CONSTANT_CONVERSION = YES;
				CLANG_WARN_DEPRECATED_OBJC_IMPLEMENTATIONS = YES;
				CLANG_WARN_DIRECT_OBJC_ISA_USAGE = YES_ERROR;
				CLANG_WARN_DOCUMENTATION_COMMENTS = YES;
				CLANG_WARN_EMPTY_BODY = YES;
				CLANG_WARN_ENUM_CONVERSION = YES;
				CLANG_WARN_INFINITE_RECURSION = YES;
				CLANG_WARN_INT_CONVERSION = YES;
				CLANG_WARN_NON_LITERAL_NULL_CONVERSION = YES;
				CLANG_WARN_OBJC_IMPLICIT_RETAIN_SELF = YES;
				CLANG_WARN_OBJC_LITERAL_CONVERSION = YES;
				CLANG_WARN_OBJC_ROOT_CLASS = YES_ERROR;
				CLANG_WARN_QUOTED_INCLUDE_IN_FRAMEWORK_HEADER = YES;
				CLANG_WARN_RANGE_LOOP_ANALYSIS = YES;
				CLANG_WARN_STRICT_PROTOTYPES = YES;
				CLANG_WARN_SUSPICIOUS_MOVE = YES;
				CLANG_WARN_UNGUARDED_AVAILABILITY = YES_AGGRESSIVE;
				CLANG_WARN_UNREACHABLE_CODE = YES;
				CLANG_WARN__DUPLICATE_METHOD_MATCH = YES;
				COPY_PHASE_STRIP = NO;
				DEBUG_INFORMATION_FORMAT = dwarf;
				ENABLE_STRICT_OBJC_MSGSEND = YES;
				ENABLE_TESTABILITY = YES;
				ENABLE_USER_SCRIPT_SANDBOXING = YES;
				GCC_C_LANGUAGE_STANDARD = gnu17;
				GCC_DYNAMIC_NO_PIC = NO;
				GCC_NO_COMMON_BLOCKS = YES;
				GCC_OPTIMIZATION_LEVEL = 0;
				GCC_PREPROCESSOR_DEFINITIONS = (
					"DEBUG=1",
					"$(inherited)",
				);
				GCC_WARN_64_TO_32_BIT_CONVERSION = YES;
				GCC_WARN_ABOUT_RETURN_TYPE = YES_ERROR;
				GCC_WARN_UNDECLARED_SELECTOR = YES;
				GCC_WARN_UNINITIALIZED_AUTOS = YES_AGGRESSIVE;
				GCC_WARN_UNUSED_FUNCTION = YES;
				GCC_WARN_UNUSED_VARIABLE = YES;
				IPHONEOS_DEPLOYMENT_TARGET = 17.0;
				LOCALIZATION_PREFERS_STRING_CATALOGS = YES;
				MTL_ENABLE_DEBUG_INFO = INCLUDE_SOURCE;
				MTL_FAST_MATH = YES;
				ONLY_ACTIVE_ARCH = YES;
				SDKROOT = iphoneos;
				SWIFT_ACTIVE_COMPILATION_CONDITIONS = "DEBUG $(inherited)";
				SWIFT_OPTIMIZATION_LEVEL = "-Onone";
			};
			name = Debug;
		};
		39232B052B207C1900F91174 /* Release */ = {
			isa = XCBuildConfiguration;
			buildSettings = {
				ALWAYS_SEARCH_USER_PATHS = NO;
				ASSETCATALOG_COMPILER_GENERATE_SWIFT_ASSET_SYMBOL_EXTENSIONS = YES;
				CLANG_ANALYZER_NONNULL = YES;
				CLANG_ANALYZER_NUMBER_OBJECT_CONVERSION = YES_AGGRESSIVE;
				CLANG_CXX_LANGUAGE_STANDARD = "gnu++20";
				CLANG_ENABLE_MODULES = YES;
				CLANG_ENABLE_OBJC_ARC = YES;
				CLANG_ENABLE_OBJC_WEAK = YES;
				CLANG_WARN_BLOCK_CAPTURE_AUTORELEASING = YES;
				CLANG_WARN_BOOL_CONVERSION = YES;
				CLANG_WARN_COMMA = YES;
				CLANG_WARN_CONSTANT_CONVERSION = YES;
				CLANG_WARN_DEPRECATED_OBJC_IMPLEMENTATIONS = YES;
				CLANG_WARN_DIRECT_OBJC_ISA_USAGE = YES_ERROR;
				CLANG_WARN_DOCUMENTATION_COMMENTS = YES;
				CLANG_WARN_EMPTY_BODY = YES;
				CLANG_WARN_ENUM_CONVERSION = YES;
				CLANG_WARN_INFINITE_RECURSION = YES;
				CLANG_WARN_INT_CONVERSION = YES;
				CLANG_WARN_NON_LITERAL_NULL_CONVERSION = YES;
				CLANG_WARN_OBJC_IMPLICIT_RETAIN_SELF = YES;
				CLANG_WARN_OBJC_LITERAL_CONVERSION = YES;
				CLANG_WARN_OBJC_ROOT_CLASS = YES_ERROR;
				CLANG_WARN_QUOTED_INCLUDE_IN_FRAMEWORK_HEADER = YES;
				CLANG_WARN_RANGE_LOOP_ANALYSIS = YES;
				CLANG_WARN_STRICT_PROTOTYPES = YES;
				CLANG_WARN_SUSPICIOUS_MOVE = YES;
				CLANG_WARN_UNGUARDED_AVAILABILITY = YES_AGGRESSIVE;
				CLANG_WARN_UNREACHABLE_CODE = YES;
				CLANG_WARN__DUPLICATE_METHOD_MATCH = YES;
				COPY_PHASE_STRIP = NO;
				DEBUG_INFORMATION_FORMAT = "dwarf-with-dsym";
				ENABLE_NS_ASSERTIONS = NO;
				ENABLE_STRICT_OBJC_MSGSEND = YES;
				ENABLE_USER_SCRIPT_SANDBOXING = YES;
				GCC_C_LANGUAGE_STANDARD = gnu17;
				GCC_NO_COMMON_BLOCKS = YES;
				GCC_WARN_64_TO_32_BIT_CONVERSION = YES;
				GCC_WARN_ABOUT_RETURN_TYPE = YES_ERROR;
				GCC_WARN_UNDECLARED_SELECTOR = YES;
				GCC_WARN_UNINITIALIZED_AUTOS = YES_AGGRESSIVE;
				GCC_WARN_UNUSED_FUNCTION = YES;
				GCC_WARN_UNUSED_VARIABLE = YES;
				IPHONEOS_DEPLOYMENT_TARGET = 17.0;
				LOCALIZATION_PREFERS_STRING_CATALOGS = YES;
				MTL_ENABLE_DEBUG_INFO = NO;
				MTL_FAST_MATH = YES;
				SDKROOT = iphoneos;
				SWIFT_COMPILATION_MODE = wholemodule;
				VALIDATE_PRODUCT = YES;
			};
			name = Release;
		};
		39232B072B207C1900F91174 /* Debug */ = {
			isa = XCBuildConfiguration;
			buildSettings = {
				ASSETCATALOG_COMPILER_APPICON_NAME = AppIcon;
				ASSETCATALOG_COMPILER_GLOBAL_ACCENT_COLOR_NAME = AccentColor;
				CODE_SIGN_STYLE = Automatic;
				CURRENT_PROJECT_VERSION = 1;
				DEVELOPMENT_ASSET_PATHS = "\"Mantie/Preview Content\"";
				DEVELOPMENT_TEAM = 2WYT7W437Z;
				ENABLE_PREVIEWS = YES;
				GENERATE_INFOPLIST_FILE = YES;
				INFOPLIST_KEY_UIApplicationSceneManifest_Generation = YES;
				INFOPLIST_KEY_UIApplicationSupportsIndirectInputEvents = YES;
				INFOPLIST_KEY_UILaunchScreen_Generation = YES;
				INFOPLIST_KEY_UISupportedInterfaceOrientations_iPad = "UIInterfaceOrientationPortrait UIInterfaceOrientationPortraitUpsideDown UIInterfaceOrientationLandscapeLeft UIInterfaceOrientationLandscapeRight";
				INFOPLIST_KEY_UISupportedInterfaceOrientations_iPhone = "UIInterfaceOrientationPortrait UIInterfaceOrientationLandscapeLeft UIInterfaceOrientationLandscapeRight";
				LD_RUNPATH_SEARCH_PATHS = (
					"$(inherited)",
					"@executable_path/Frameworks",
				);
				MARKETING_VERSION = 1.0;
				PRODUCT_BUNDLE_IDENTIFIER = com.fasih.femrise.Mantie;
				PRODUCT_NAME = "$(TARGET_NAME)";
				SWIFT_EMIT_LOC_STRINGS = YES;
				SWIFT_VERSION = 5.0;
				TARGETED_DEVICE_FAMILY = "1,2";
			};
			name = Debug;
		};
		39232B082B207C1900F91174 /* Release */ = {
			isa = XCBuildConfiguration;
			buildSettings = {
				ASSETCATALOG_COMPILER_APPICON_NAME = AppIcon;
				ASSETCATALOG_COMPILER_GLOBAL_ACCENT_COLOR_NAME = AccentColor;
				CODE_SIGN_STYLE = Automatic;
				CURRENT_PROJECT_VERSION = 1;
				DEVELOPMENT_ASSET_PATHS = "\"Mantie/Preview Content\"";
				DEVELOPMENT_TEAM = 2WYT7W437Z;
				ENABLE_PREVIEWS = YES;
				GENERATE_INFOPLIST_FILE = YES;
				INFOPLIST_KEY_UIApplicationSceneManifest_Generation = YES;
				INFOPLIST_KEY_UIApplicationSupportsIndirectInputEvents = YES;
				INFOPLIST_KEY_UILaunchScreen_Generation = YES;
				INFOPLIST_KEY_UISupportedInterfaceOrientations_iPad = "UIInterfaceOrientationPortrait UIInterfaceOrientationPortraitUpsideDown UIInterfaceOrientationLandscapeLeft UIInterfaceOrientationLandscapeRight";
				INFOPLIST_KEY_UISupportedInterfaceOrientations_iPhone = "UIInterfaceOrientationPortrait UIInterfaceOrientationLandscapeLeft UIInterfaceOrientationLandscapeRight";
				LD_RUNPATH_SEARCH_PATHS = (
					"$(inherited)",
					"@executable_path/Frameworks",
				);
				MARKETING_VERSION = 1.0;
				PRODUCT_BUNDLE_IDENTIFIER = com.fasih.femrise.Mantie;
				PRODUCT_NAME = "$(TARGET_NAME)";
				SWIFT_EMIT_LOC_STRINGS = YES;
				SWIFT_VERSION = 5.0;
				TARGETED_DEVICE_FAMILY = "1,2";
			};
			name = Release;
		};
		39232B0A2B207C1900F91174 /* Debug */ = {
			isa = XCBuildConfiguration;
			buildSettings = {
				ALWAYS_EMBED_SWIFT_STANDARD_LIBRARIES = YES;
				BUNDLE_LOADER = "$(TEST_HOST)";
				CODE_SIGN_STYLE = Automatic;
				CURRENT_PROJECT_VERSION = 1;
				DEVELOPMENT_TEAM = 2WYT7W437Z;
				GENERATE_INFOPLIST_FILE = YES;
				IPHONEOS_DEPLOYMENT_TARGET = 17.0;
				MARKETING_VERSION = 1.0;
				PRODUCT_BUNDLE_IDENTIFIER = com.fasih.femrise.MantieTests;
				PRODUCT_NAME = "$(TARGET_NAME)";
				SWIFT_EMIT_LOC_STRINGS = NO;
				SWIFT_VERSION = 5.0;
				TARGETED_DEVICE_FAMILY = "1,2";
				TEST_HOST = "$(BUILT_PRODUCTS_DIR)/Mantie.app/$(BUNDLE_EXECUTABLE_FOLDER_PATH)/Mantie";
			};
			name = Debug;
		};
		39232B0B2B207C1900F91174 /* Release */ = {
			isa = XCBuildConfiguration;
			buildSettings = {
				ALWAYS_EMBED_SWIFT_STANDARD_LIBRARIES = YES;
				BUNDLE_LOADER = "$(TEST_HOST)";
				CODE_SIGN_STYLE = Automatic;
				CURRENT_PROJECT_VERSION = 1;
				DEVELOPMENT_TEAM = 2WYT7W437Z;
				GENERATE_INFOPLIST_FILE = YES;
				IPHONEOS_DEPLOYMENT_TARGET = 17.0;
				MARKETING_VERSION = 1.0;
				PRODUCT_BUNDLE_IDENTIFIER = com.fasih.femrise.MantieTests;
				PRODUCT_NAME = "$(TARGET_NAME)";
				SWIFT_EMIT_LOC_STRINGS = NO;
				SWIFT_VERSION = 5.0;
				TARGETED_DEVICE_FAMILY = "1,2";
				TEST_HOST = "$(BUILT_PRODUCTS_DIR)/Mantie.app/$(BUNDLE_EXECUTABLE_FOLDER_PATH)/Mantie";
			};
			name = Release;
		};
		39232B0D2B207C1900F91174 /* Debug */ = {
			isa = XCBuildConfiguration;
			buildSettings = {
				ALWAYS_EMBED_SWIFT_STANDARD_LIBRARIES = YES;
				CODE_SIGN_STYLE = Automatic;
				CURRENT_PROJECT_VERSION = 1;
				DEVELOPMENT_TEAM = 2WYT7W437Z;
				GENERATE_INFOPLIST_FILE = YES;
				MARKETING_VERSION = 1.0;
				PRODUCT_BUNDLE_IDENTIFIER = com.fasih.femrise.MantieUITests;
				PRODUCT_NAME = "$(TARGET_NAME)";
				SWIFT_EMIT_LOC_STRINGS = NO;
				SWIFT_VERSION = 5.0;
				TARGETED_DEVICE_FAMILY = "1,2";
				TEST_TARGET_NAME = Mantie;
			};
			name = Debug;
		};
		39232B0E2B207C1900F91174 /* Release */ = {
			isa = XCBuildConfiguration;
			buildSettings = {
				ALWAYS_EMBED_SWIFT_STANDARD_LIBRARIES = YES;
				CODE_SIGN_STYLE = Automatic;
				CURRENT_PROJECT_VERSION = 1;
				DEVELOPMENT_TEAM = 2WYT7W437Z;
				GENERATE_INFOPLIST_FILE = YES;
				MARKETING_VERSION = 1.0;
				PRODUCT_BUNDLE_IDENTIFIER = com.fasih.femrise.MantieUITests;
				PRODUCT_NAME = "$(TARGET_NAME)";
				SWIFT_EMIT_LOC_STRINGS = NO;
				SWIFT_VERSION = 5.0;
				TARGETED_DEVICE_FAMILY = "1,2";
				TEST_TARGET_NAME = Mantie;
			};
			name = Release;
		};
/* End XCBuildConfiguration section */

/* Begin XCConfigurationList section */
		39232ADD2B207C1800F91174 /* Build configuration list for PBXProject "Mantie" */ = {
			isa = XCConfigurationList;
			buildConfigurations = (
				39232B042B207C1900F91174 /* Debug */,
				39232B052B207C1900F91174 /* Release */,
			);
			defaultConfigurationIsVisible = 0;
			defaultConfigurationName = Release;
		};
		39232B062B207C1900F91174 /* Build configuration list for PBXNativeTarget "Mantie" */ = {
			isa = XCConfigurationList;
			buildConfigurations = (
				39232B072B207C1900F91174 /* Debug */,
				39232B082B207C1900F91174 /* Release */,
			);
			defaultConfigurationIsVisible = 0;
			defaultConfigurationName = Release;
		};
		39232B092B207C1900F91174 /* Build configuration list for PBXNativeTarget "MantieTests" */ = {
			isa = XCConfigurationList;
			buildConfigurations = (
				39232B0A2B207C1900F91174 /* Debug */,
				39232B0B2B207C1900F91174 /* Release */,
			);
			defaultConfigurationIsVisible = 0;
			defaultConfigurationName = Release;
		};
		39232B0C2B207C1900F91174 /* Build configuration list for PBXNativeTarget "MantieUITests" */ = {
			isa = XCConfigurationList;
			buildConfigurations = (
				39232B0D2B207C1900F91174 /* Debug */,
				39232B0E2B207C1900F91174 /* Release */,
			);
			defaultConfigurationIsVisible = 0;
			defaultConfigurationName = Release;
		};
/* End XCConfigurationList section */
	};
	rootObject = 39232ADA2B207C1800F91174 /* Project object */;
}
